
Microsoft Visual Studio Solution File, Format Version 12.00
# Visual Studio Version 18
VisualStudioVersion = 18.9.12112.369 stable
MinimumVisualStudioVersion = 10.0.40219.1
Project("{FAE04EC0-301F-11D3-BF4B-00C04F79EFBC}") = "FleetPulse.Wearable", "FleetPulse.Wearable.csproj", "{68F6EC5D-7EC6-1B5D-0808-89DAAC05E1A3}"
EndProject
Global
	GlobalSection(SolutionConfigurationPlatforms) = preSolution
		Debug|Any CPU = Debug|Any CPU
		Release|Any CPU = Release|Any CPU
	EndGlobalSection
	GlobalSection(ProjectConfigurationPlatforms) = postSolution
		{68F6EC5D-7EC6-1B5D-0808-89DAAC05E1A3}.Debug|Any CPU.ActiveCfg = Debug|Any CPU
		{68F6EC5D-7EC6-1B5D-0808-89DAAC05E1A3}.Debug|Any CPU.Build.0 = Debug|Any CPU
		{68F6EC5D-7EC6-1B5D-0808-89DAAC05E1A3}.Debug|Any CPU.Deploy.0 = Debug|Any CPU
		{68F6EC5D-7EC6-1B5D-0808-89DAAC05E1A3}.Release|Any CPU.ActiveCfg = Release|Any CPU
		{68F6EC5D-7EC6-1B5D-0808-89DAAC05E1A3}.Release|Any CPU.Build.0 = Release|Any CPU
		{68F6EC5D-7EC6-1B5D-0808-89DAAC05E1A3}.Release|Any CPU.Deploy.0 = Release|Any CPU
	EndGlobalSection
	GlobalSection(SolutionProperties) = preSolution
		HideSolutionNode = FALSE
	EndGlobalSection
	GlobalSection(ExtensibilityGlobals) = postSolution
		SolutionGuid = {B6DDCA2F-7F27-4CF3-85ED-D65E21D16B18}
	EndGlobalSection
EndGlobal
